
Microsoft Visual Studio Solution File, Format Version 12.00
# Visual Studio Version 16
VisualStudioVersion = 16.0.28516.95
MinimumVisualStudioVersion = 10.0.40219.1
Project("{FAE04EC0-301F-11D3-BF4B-00C04F79EFBC}") = "Server", "Server.csproj", "{DA439B18-24CE-40A8-8402-7B8CBD9E35E5}"
EndProject
Global
	GlobalSection(SolutionConfigurationPlatforms) = preSolution
		Debug|Any CPU = Debug|Any CPU
		Release|Any CPU = Release|Any CPU
	EndGlobalSection
	GlobalSection(ProjectConfigurationPlatforms) = postSolution
		{DA439B18-24CE-40A8-8402-7B8CBD9E35E5}.Debug|Any CPU.ActiveCfg = Debug|Any CPU
		{DA439B18-24CE-40A8-8402-7B8CBD9E35E5}.Debug|Any CPU.Build.0 = Debug|Any CPU
		{DA439B18-24CE-40A8-8402-7B8CBD9E35E5}.Release|Any CPU.ActiveCfg = Release|Any CPU
		{DA439B18-24CE-40A8-8402-7B8CBD9E35E5}.Release|Any CPU.Build.0 = Release|Any CPU
	EndGlobalSection
	GlobalSection(SolutionProperties) = preSolution
		HideSolutionNode = FALSE
	EndGlobalSection
	GlobalSection(ExtensibilityGlobals) = postSolution
		SolutionGuid = {2B436510-96E4-4977-B9E9-2B8ACB9DB4B0}
	EndGlobalSection
EndGlobal
